PODS:
  - Flutter (1.0.0)
  - flutter_js_evaluator (0.0.1):
    - Flutter

DEPENDENCIES:
  - Flutter (from `Flutter`)
  - flutter_js_evaluator (from `.symlinks/plugins/flutter_js_evaluator/ios`)

EXTERNAL SOURCES:
  Flutter:
    :path: Flutter
  flutter_js_evaluator:
    :path: ".symlinks/plugins/flutter_js_evaluator/ios"

SPEC CHECKSUMS:
  Flutter: 0e3d915762c693b495b44d77113d4970485de6ec
  flutter_js_evaluator: 806d62f86ad928d12f7f79e29ae7d685041f9dba

PODFILE CHECKSUM: 8e679eca47255a8ca8067c4c67aab20e64cb974d

COCOAPODS: 1.8.4
